
Microsoft Visual Studio Solution File, Format Version 12.00
Project("{2150E333-8FDC-42A3-9474-1A3956D46DE8}") = "Test", "Test", "{24913AF9-8341-40D4-B53D-46988894E041}"
EndProject
Project("{FAE04EC0-301F-11D3-BF4B-00C04F79EFBC}") = "Application.UnitTests", "tests\Application.UnitTests\Application.UnitTests.csproj", "{77FD9907-1178-4460-A015-1E1B7A9A8167}"
EndProject
Project("{2150E333-8FDC-42A3-9474-1A3956D46DE8}") = "Server", "Server", "{F567C612-0DDB-4364-AE7D-7176285E774B}"
EndProject
Project("{FAE04EC0-301F-11D3-BF4B-00C04F79EFBC}") = "Application", "server\Application\Application.csproj", "{FAA073AC-92F5-4A9B-9250-BB03088FFE22}"
EndProject
Project("{2150E333-8FDC-42A3-9474-1A3956D46DE8}") = "Client", "Client", "{59EA95D0-50A7-4F11-BD0F-B08F689D9C2A}"
EndProject
Project("{FAE04EC0-301F-11D3-BF4B-00C04F79EFBC}") = "Application.FunctionalTests", "tests\Application.FunctionalTests\Application.FunctionalTests.csproj", "{78AB29D7-571D-40F1-A307-47E6893D9D6A}"
EndProject
Project("{FAE04EC0-301F-11D3-BF4B-00C04F79EFBC}") = "Domain.UnitTests", "tests\Domain.UnitTests\Domain.UnitTests.csproj", "{9D9A10F6-6B88-47BD-B449-425E5C007F40}"
EndProject
Project("{FAE04EC0-301F-11D3-BF4B-00C04F79EFBC}") = "Infrastructure.IntegrationTests", "tests\Infrastructure.IntegrationTests\Infrastructure.IntegrationTests.csproj", "{D234852F-333C-47A2-BEF6-D5BC663CB827}"
EndProject
Project("{FAE04EC0-301F-11D3-BF4B-00C04F79EFBC}") = "Web.AcceptanceTests", "tests\Web.AcceptanceTests\Web.AcceptanceTests.csproj", "{989157F4-7DF1-4AC4-A99E-ED733A044A2D}"
EndProject
Project("{FAE04EC0-301F-11D3-BF4B-00C04F79EFBC}") = "Domain", "server\Domain\Domain.csproj", "{4B262C04-D508-47E8-A427-25E78081718E}"
EndProject
Project("{FAE04EC0-301F-11D3-BF4B-00C04F79EFBC}") = "Infrastructure", "server\Infrastructure\Infrastructure.csproj", "{6C05A0CC-2867-4FDD-94F4-3A5F45E62CCB}"
EndProject
Project("{FAE04EC0-301F-11D3-BF4B-00C04F79EFBC}") = "API", "server\API\API.csproj", "{31318B7E-6A0C-4EF2-9DF7-3333B7D42CA9}"
EndProject
Global
	GlobalSection(SolutionConfigurationPlatforms) = preSolution
		Debug|Any CPU = Debug|Any CPU
		Release|Any CPU = Release|Any CPU
	EndGlobalSection
	GlobalSection(ProjectConfigurationPlatforms) = postSolution
		{77FD9907-1178-4460-A015-1E1B7A9A8167}.Debug|Any CPU.ActiveCfg = Debug|Any CPU
		{77FD9907-1178-4460-A015-1E1B7A9A8167}.Debug|Any CPU.Build.0 = Debug|Any CPU
		{77FD9907-1178-4460-A015-1E1B7A9A8167}.Release|Any CPU.ActiveCfg = Release|Any CPU
		{77FD9907-1178-4460-A015-1E1B7A9A8167}.Release|Any CPU.Build.0 = Release|Any CPU
		{FAA073AC-92F5-4A9B-9250-BB03088FFE22}.Debug|Any CPU.ActiveCfg = Debug|Any CPU
		{FAA073AC-92F5-4A9B-9250-BB03088FFE22}.Debug|Any CPU.Build.0 = Debug|Any CPU
		{FAA073AC-92F5-4A9B-9250-BB03088FFE22}.Release|Any CPU.ActiveCfg = Release|Any CPU
		{FAA073AC-92F5-4A9B-9250-BB03088FFE22}.Release|Any CPU.Build.0 = Release|Any CPU
		{78AB29D7-571D-40F1-A307-47E6893D9D6A}.Debug|Any CPU.ActiveCfg = Debug|Any CPU
		{78AB29D7-571D-40F1-A307-47E6893D9D6A}.Debug|Any CPU.Build.0 = Debug|Any CPU
		{78AB29D7-571D-40F1-A307-47E6893D9D6A}.Release|Any CPU.ActiveCfg = Release|Any CPU
		{78AB29D7-571D-40F1-A307-47E6893D9D6A}.Release|Any CPU.Build.0 = Release|Any CPU
		{9D9A10F6-6B88-47BD-B449-425E5C007F40}.Debug|Any CPU.ActiveCfg = Debug|Any CPU
		{9D9A10F6-6B88-47BD-B449-425E5C007F40}.Debug|Any CPU.Build.0 = Debug|Any CPU
		{9D9A10F6-6B88-47BD-B449-425E5C007F40}.Release|Any CPU.ActiveCfg = Release|Any CPU
		{9D9A10F6-6B88-47BD-B449-425E5C007F40}.Release|Any CPU.Build.0 = Release|Any CPU
		{D234852F-333C-47A2-BEF6-D5BC663CB827}.Debug|Any CPU.ActiveCfg = Debug|Any CPU
		{D234852F-333C-47A2-BEF6-D5BC663CB827}.Debug|Any CPU.Build.0 = Debug|Any CPU
		{D234852F-333C-47A2-BEF6-D5BC663CB827}.Release|Any CPU.ActiveCfg = Release|Any CPU
		{D234852F-333C-47A2-BEF6-D5BC663CB827}.Release|Any CPU.Build.0 = Release|Any CPU
		{989157F4-7DF1-4AC4-A99E-ED733A044A2D}.Debug|Any CPU.ActiveCfg = Debug|Any CPU
		{989157F4-7DF1-4AC4-A99E-ED733A044A2D}.Debug|Any CPU.Build.0 = Debug|Any CPU
		{989157F4-7DF1-4AC4-A99E-ED733A044A2D}.Release|Any CPU.ActiveCfg = Release|Any CPU
		{989157F4-7DF1-4AC4-A99E-ED733A044A2D}.Release|Any CPU.Build.0 = Release|Any CPU
		{4B262C04-D508-47E8-A427-25E78081718E}.Debug|Any CPU.ActiveCfg = Debug|Any CPU
		{4B262C04-D508-47E8-A427-25E78081718E}.Debug|Any CPU.Build.0 = Debug|Any CPU
		{4B262C04-D508-47E8-A427-25E78081718E}.Release|Any CPU.ActiveCfg = Release|Any CPU
		{4B262C04-D508-47E8-A427-25E78081718E}.Release|Any CPU.Build.0 = Release|Any CPU
		{6C05A0CC-2867-4FDD-94F4-3A5F45E62CCB}.Debug|Any CPU.ActiveCfg = Debug|Any CPU
		{6C05A0CC-2867-4FDD-94F4-3A5F45E62CCB}.Debug|Any CPU.Build.0 = Debug|Any CPU
		{6C05A0CC-2867-4FDD-94F4-3A5F45E62CCB}.Release|Any CPU.ActiveCfg = Release|Any CPU
		{6C05A0CC-2867-4FDD-94F4-3A5F45E62CCB}.Release|Any CPU.Build.0 = Release|Any CPU
		{31318B7E-6A0C-4EF2-9DF7-3333B7D42CA9}.Debug|Any CPU.ActiveCfg = Debug|Any CPU
		{31318B7E-6A0C-4EF2-9DF7-3333B7D42CA9}.Debug|Any CPU.Build.0 = Debug|Any CPU
		{31318B7E-6A0C-4EF2-9DF7-3333B7D42CA9}.Release|Any CPU.ActiveCfg = Release|Any CPU
		{31318B7E-6A0C-4EF2-9DF7-3333B7D42CA9}.Release|Any CPU.Build.0 = Release|Any CPU
	EndGlobalSection
	GlobalSection(NestedProjects) = preSolution
		{77FD9907-1178-4460-A015-1E1B7A9A8167} = {24913AF9-8341-40D4-B53D-46988894E041}
		{FAA073AC-92F5-4A9B-9250-BB03088FFE22} = {F567C612-0DDB-4364-AE7D-7176285E774B}
		{78AB29D7-571D-40F1-A307-47E6893D9D6A} = {24913AF9-8341-40D4-B53D-46988894E041}
		{9D9A10F6-6B88-47BD-B449-425E5C007F40} = {24913AF9-8341-40D4-B53D-46988894E041}
		{D234852F-333C-47A2-BEF6-D5BC663CB827} = {24913AF9-8341-40D4-B53D-46988894E041}
		{989157F4-7DF1-4AC4-A99E-ED733A044A2D} = {24913AF9-8341-40D4-B53D-46988894E041}
		{4B262C04-D508-47E8-A427-25E78081718E} = {F567C612-0DDB-4364-AE7D-7176285E774B}
		{6C05A0CC-2867-4FDD-94F4-3A5F45E62CCB} = {F567C612-0DDB-4364-AE7D-7176285E774B}
		{31318B7E-6A0C-4EF2-9DF7-3333B7D42CA9} = {F567C612-0DDB-4364-AE7D-7176285E774B}
	EndGlobalSection
EndGlobal
